
Microsoft Visual Studio Solution File, Format Version 12.00
# Visual Studio Version 17
VisualStudioVersion = 17.1.32421.90
MinimumVisualStudioVersion = 10.0.40219.1
Project("{9A19103F-16F7-4668-BE54-9A1E7A4F7556}") = "SchoolApp2", "SchoolApp2\SchoolApp2.csproj", "{56308C52-4967-43A6-998C-CCCB0AECF268}"
EndProject
Project("{9A19103F-16F7-4668-BE54-9A1E7A4F7556}") = "SchoolApp_EFCore", "SchoolApp_EFCore\SchoolApp_EFCore.csproj", "{0DAB870C-0F51-488C-804D-6FC341CF8759}"
EndProject
Project("{9A19103F-16F7-4668-BE54-9A1E7A4F7556}") = "SchoolApp_Tests", "SchoolApp_Tests\SchoolApp_Tests.csproj", "{E4888BF3-85DA-4627-B677-B5B56AB771E1}"
	ProjectSection(ProjectDependencies) = postProject
		{0DAB870C-0F51-488C-804D-6FC341CF8759} = {0DAB870C-0F51-488C-804D-6FC341CF8759}
		{56308C52-4967-43A6-998C-CCCB0AECF268} = {56308C52-4967-43A6-998C-CCCB0AECF268}
	EndProjectSection
EndProject
Global
	GlobalSection(SolutionConfigurationPlatforms) = preSolution
		Debug|Any CPU = Debug|Any CPU
		Debug|x64 = Debug|x64
		Debug|x86 = Debug|x86
		Release|Any CPU = Release|Any CPU
		Release|x64 = Release|x64
		Release|x86 = Release|x86
	EndGlobalSection
	GlobalSection(ProjectConfigurationPlatforms) = postSolution
		{56308C52-4967-43A6-998C-CCCB0AECF268}.Debug|Any CPU.ActiveCfg = Debug|Any CPU
		{56308C52-4967-43A6-998C-CCCB0AECF268}.Debug|Any CPU.Build.0 = Debug|Any CPU
		{56308C52-4967-43A6-998C-CCCB0AECF268}.Debug|x64.ActiveCfg = Debug|x64
		{56308C52-4967-43A6-998C-CCCB0AECF268}.Debug|x64.Build.0 = Debug|x64
		{56308C52-4967-43A6-998C-CCCB0AECF268}.Debug|x86.ActiveCfg = Debug|x86
		{56308C52-4967-43A6-998C-CCCB0AECF268}.Debug|x86.Build.0 = Debug|x86
		{56308C52-4967-43A6-998C-CCCB0AECF268}.Release|Any CPU.ActiveCfg = Release|Any CPU
		{56308C52-4967-43A6-998C-CCCB0AECF268}.Release|Any CPU.Build.0 = Release|Any CPU
		{56308C52-4967-43A6-998C-CCCB0AECF268}.Release|x64.ActiveCfg = Release|x64
		{56308C52-4967-43A6-998C-CCCB0AECF268}.Release|x64.Build.0 = Release|x64
		{56308C52-4967-43A6-998C-CCCB0AECF268}.Release|x86.ActiveCfg = Release|x86
		{56308C52-4967-43A6-998C-CCCB0AECF268}.Release|x86.Build.0 = Release|x86
		{0DAB870C-0F51-488C-804D-6FC341CF8759}.Debug|Any CPU.ActiveCfg = Debug|Any CPU
		{0DAB870C-0F51-488C-804D-6FC341CF8759}.Debug|Any CPU.Build.0 = Debug|Any CPU
		{0DAB870C-0F51-488C-804D-6FC341CF8759}.Debug|x64.ActiveCfg = Debug|x64
		{0DAB870C-0F51-488C-804D-6FC341CF8759}.Debug|x64.Build.0 = Debug|x64
		{0DAB870C-0F51-488C-804D-6FC341CF8759}.Debug|x86.ActiveCfg = Debug|x86
		{0DAB870C-0F51-488C-804D-6FC341CF8759}.Debug|x86.Build.0 = Debug|x86
		{0DAB870C-0F51-488C-804D-6FC341CF8759}.Release|Any CPU.ActiveCfg = Release|Any CPU
		{0DAB870C-0F51-488C-804D-6FC341CF8759}.Release|Any CPU.Build.0 = Release|Any CPU
		{0DAB870C-0F51-488C-804D-6FC341CF8759}.Release|x64.ActiveCfg = Release|x64
		{0DAB870C-0F51-488C-804D-6FC341CF8759}.Release|x64.Build.0 = Release|x64
		{0DAB870C-0F51-488C-804D-6FC341CF8759}.Release|x86.ActiveCfg = Release|x86
		{0DAB870C-0F51-488C-804D-6FC341CF8759}.Release|x86.Build.0 = Release|x86
		{E4888BF3-85DA-4627-B677-B5B56AB771E1}.Debug|Any CPU.ActiveCfg = Debug|Any CPU
		{E4888BF3-85DA-4627-B677-B5B56AB771E1}.Debug|Any CPU.Build.0 = Debug|Any CPU
		{E4888BF3-85DA-4627-B677-B5B56AB771E1}.Debug|x64.ActiveCfg = Debug|x64
		{E4888BF3-85DA-4627-B677-B5B56AB771E1}.Debug|x64.Build.0 = Debug|x64
		{E4888BF3-85DA-4627-B677-B5B56AB771E1}.Debug|x86.ActiveCfg = Debug|x86
		{E4888BF3-85DA-4627-B677-B5B56AB771E1}.Debug|x86.Build.0 = Debug|x86
		{E4888BF3-85DA-4627-B677-B5B56AB771E1}.Release|Any CPU.ActiveCfg = Release|Any CPU
		{E4888BF3-85DA-4627-B677-B5B56AB771E1}.Release|Any CPU.Build.0 = Release|Any CPU
		{E4888BF3-85DA-4627-B677-B5B56AB771E1}.Release|x64.ActiveCfg = Release|x64
		{E4888BF3-85DA-4627-B677-B5B56AB771E1}.Release|x64.Build.0 = Release|x64
		{E4888BF3-85DA-4627-B677-B5B56AB771E1}.Release|x86.ActiveCfg = Release|x86
		{E4888BF3-85DA-4627-B677-B5B56AB771E1}.Release|x86.Build.0 = Release|x86
	EndGlobalSection
	GlobalSection(SolutionProperties) = preSolution
		HideSolutionNode = FALSE
	EndGlobalSection
	GlobalSection(ExtensibilityGlobals) = postSolution
		SolutionGuid = {511D8DF0-EFDF-4B63-A035-8D313FE56ADB}
	EndGlobalSection
EndGlobal
